
Microsoft Visual Studio Solution File, Format Version 12.00
# Visual Studio Version 17
VisualStudioVersion = 17.14.36414.22 d17.14
MinimumVisualStudioVersion = 10.0.40219.1
Project("{FAE04EC0-301F-11D3-BF4B-00C04F79EFBC}") = "LATIHAN1_YUNITADWIPRATIWI_XPPLG1", "LATIHAN1_YUNITADWIPRATIWI_XPPLG1\LATIHAN1_YUNITADWIPRATIWI_XPPLG1.csproj", "{1DAA70C8-0C13-4427-B797-28DD7A1D40A6}"
EndProject
Global
	GlobalSection(SolutionConfigurationPlatforms) = preSolution
		Debug|Any CPU = Debug|Any CPU
		Release|Any CPU = Release|Any CPU
	EndGlobalSection
	GlobalSection(ProjectConfigurationPlatforms) = postSolution
		{1DAA70C8-0C13-4427-B797-28DD7A1D40A6}.Debug|Any CPU.ActiveCfg = Debug|Any CPU
		{1DAA70C8-0C13-4427-B797-28DD7A1D40A6}.Debug|Any CPU.Build.0 = Debug|Any CPU
		{1DAA70C8-0C13-4427-B797-28DD7A1D40A6}.Release|Any CPU.ActiveCfg = Release|Any CPU
		{1DAA70C8-0C13-4427-B797-28DD7A1D40A6}.Release|Any CPU.Build.0 = Release|Any CPU
	EndGlobalSection
	GlobalSection(SolutionProperties) = preSolution
		HideSolutionNode = FALSE
	EndGlobalSection
	GlobalSection(ExtensibilityGlobals) = postSolution
		SolutionGuid = {FC363BAB-F0A3-451D-9AAB-C9E7577B8365}
	EndGlobalSection
EndGlobal
