
Microsoft Visual Studio Solution File, Format Version 12.00
# Visual Studio Version 17
VisualStudioVersion = 17.14.36414.22 d17.14
MinimumVisualStudioVersion = 10.0.40219.1
Project("{FAE04EC0-301F-11D3-BF4B-00C04F79EFBC}") = "proyekakhirsemester_yunitadwipratiwi_xpplg1", "proyekakhirsemester_yunitadwipratiwi_xpplg1\proyekakhirsemester_yunitadwipratiwi_xpplg1.csproj", "{59767163-83E2-4503-81A2-F86F23A20A59}"
EndProject
Global
	GlobalSection(SolutionConfigurationPlatforms) = preSolution
		Debug|Any CPU = Debug|Any CPU
		Release|Any CPU = Release|Any CPU
	EndGlobalSection
	GlobalSection(ProjectConfigurationPlatforms) = postSolution
		{59767163-83E2-4503-81A2-F86F23A20A59}.Debug|Any CPU.ActiveCfg = Debug|Any CPU
		{59767163-83E2-4503-81A2-F86F23A20A59}.Debug|Any CPU.Build.0 = Debug|Any CPU
		{59767163-83E2-4503-81A2-F86F23A20A59}.Release|Any CPU.ActiveCfg = Release|Any CPU
		{59767163-83E2-4503-81A2-F86F23A20A59}.Release|Any CPU.Build.0 = Release|Any CPU
	EndGlobalSection
	GlobalSection(SolutionProperties) = preSolution
		HideSolutionNode = FALSE
	EndGlobalSection
	GlobalSection(ExtensibilityGlobals) = postSolution
		SolutionGuid = {E23C4CE3-5B7D-4CB6-9389-81FDCC453733}
	EndGlobalSection
EndGlobal
