
Microsoft Visual Studio Solution File, Format Version 12.00
# Visual Studio Version 17
VisualStudioVersion = 17.14.36414.22 d17.14
MinimumVisualStudioVersion = 10.0.40219.1
Project("{FAE04EC0-301F-11D3-BF4B-00C04F79EFBC}") = "praktik6.2_YUNITADWIPRATIWI_XPPLG1", "praktik6.2_YUNITADWIPRATIWI_XPPLG1\praktik6.2_YUNITADWIPRATIWI_XPPLG1.csproj", "{5DDC6F9C-C65F-471F-B57E-33AEDF1A01F3}"
EndProject
Global
	GlobalSection(SolutionConfigurationPlatforms) = preSolution
		Debug|Any CPU = Debug|Any CPU
		Release|Any CPU = Release|Any CPU
	EndGlobalSection
	GlobalSection(ProjectConfigurationPlatforms) = postSolution
		{5DDC6F9C-C65F-471F-B57E-33AEDF1A01F3}.Debug|Any CPU.ActiveCfg = Debug|Any CPU
		{5DDC6F9C-C65F-471F-B57E-33AEDF1A01F3}.Debug|Any CPU.Build.0 = Debug|Any CPU
		{5DDC6F9C-C65F-471F-B57E-33AEDF1A01F3}.Release|Any CPU.ActiveCfg = Release|Any CPU
		{5DDC6F9C-C65F-471F-B57E-33AEDF1A01F3}.Release|Any CPU.Build.0 = Release|Any CPU
	EndGlobalSection
	GlobalSection(SolutionProperties) = preSolution
		HideSolutionNode = FALSE
	EndGlobalSection
	GlobalSection(ExtensibilityGlobals) = postSolution
		SolutionGuid = {30B3001B-EE61-4826-82B4-C62ECD5ADAE0}
	EndGlobalSection
EndGlobal
