
Microsoft Visual Studio Solution File, Format Version 12.00
# Visual Studio Version 17
VisualStudioVersion = 17.14.36414.22 d17.14
MinimumVisualStudioVersion = 10.0.40219.1
Project("{FAE04EC0-301F-11D3-BF4B-00C04F79EFBC}") = "praktik6.1_YUNITADWIPRATIWI_XPPLG1", "praktik6.1_YUNITADWIPRATIWI_XPPLG1\praktik6.1_YUNITADWIPRATIWI_XPPLG1.csproj", "{F5C96DD9-410D-476B-A381-6C2C969F1C9F}"
EndProject
Global
	GlobalSection(SolutionConfigurationPlatforms) = preSolution
		Debug|Any CPU = Debug|Any CPU
		Release|Any CPU = Release|Any CPU
	EndGlobalSection
	GlobalSection(ProjectConfigurationPlatforms) = postSolution
		{F5C96DD9-410D-476B-A381-6C2C969F1C9F}.Debug|Any CPU.ActiveCfg = Debug|Any CPU
		{F5C96DD9-410D-476B-A381-6C2C969F1C9F}.Debug|Any CPU.Build.0 = Debug|Any CPU
		{F5C96DD9-410D-476B-A381-6C2C969F1C9F}.Release|Any CPU.ActiveCfg = Release|Any CPU
		{F5C96DD9-410D-476B-A381-6C2C969F1C9F}.Release|Any CPU.Build.0 = Release|Any CPU
	EndGlobalSection
	GlobalSection(SolutionProperties) = preSolution
		HideSolutionNode = FALSE
	EndGlobalSection
	GlobalSection(ExtensibilityGlobals) = postSolution
		SolutionGuid = {9E969C4F-834A-4E9A-9D45-BA44B1089097}
	EndGlobalSection
EndGlobal
